
Microsoft Visual Studio Solution File, Format Version 12.00
# Visual Studio Version 17
VisualStudioVersion = 17.14.36518.9 d17.14
MinimumVisualStudioVersion = 10.0.40219.1
Project("{FAE04EC0-301F-11D3-BF4B-00C04F79EFBC}") = "Login Using Middleware", "Login Using Middleware\Login Using Middleware.csproj", "{A887F173-D39B-42DE-B714-36D342A6AC1B}"
EndProject
Global
	GlobalSection(SolutionConfigurationPlatforms) = preSolution
		Debug|Any CPU = Debug|Any CPU
		Release|Any CPU = Release|Any CPU
	EndGlobalSection
	GlobalSection(ProjectConfigurationPlatforms) = postSolution
		{A887F173-D39B-42DE-B714-36D342A6AC1B}.Debug|Any CPU.ActiveCfg = Debug|Any CPU
		{A887F173-D39B-42DE-B714-36D342A6AC1B}.Debug|Any CPU.Build.0 = Debug|Any CPU
		{A887F173-D39B-42DE-B714-36D342A6AC1B}.Release|Any CPU.ActiveCfg = Release|Any CPU
		{A887F173-D39B-42DE-B714-36D342A6AC1B}.Release|Any CPU.Build.0 = Release|Any CPU
	EndGlobalSection
	GlobalSection(SolutionProperties) = preSolution
		HideSolutionNode = FALSE
	EndGlobalSection
	GlobalSection(ExtensibilityGlobals) = postSolution
		SolutionGuid = {B33D3C0D-E749-460C-92BA-E38B5E2A2E21}
	EndGlobalSection
EndGlobal
